// !$*UTF8*$!
{
	archiveVersion = 1;
	classes = {
	};
	objectVersion = 46;
	objects = {

/* Begin PBXBuildFile section */
		732F1AE916D6153F00162058 /* UIKit.framework in Frameworks */ = {isa = PBXBuildFile; fileRef = 732F1AE816D6153F00162058 /* UIKit.framework */; };
		732F1AEB16D6153F00162058 /* Foundation.framework in Frameworks */ = {isa = PBXBuildFile; fileRef = 732F1AEA16D6153F00162058 /* Foundation.framework */; };
		732F1AED16D6153F00162058 /* CoreGraphics.framework in Frameworks */ = {isa = PBXBuildFile; fileRef = 732F1AEC16D6153F00162058 /* CoreGraphics.framework */; };
		732F1AF316D6153F00162058 /* InfoPlist.strings in Resources */ = {isa = PBXBuildFile; fileRef = 732F1AF116D6153F00162058 /* InfoPlist.strings */; };
		732F1AF516D6153F00162058 /* main.m in Sources */ = {isa = PBXBuildFile; fileRef = 732F1AF416D6153F00162058 /* main.m */; };
		732F1AF916D6153F00162058 /* AppDelegate.m in Sources */ = {isa = PBXBuildFile; fileRef = 732F1AF816D6153F00162058 /* AppDelegate.m */; };
		732F1AFB16D6153F00162058 /* Default.png in Resources */ = {isa = PBXBuildFile; fileRef = 732F1AFA16D6153F00162058 /* Default.png */; };
		732F1AFD16D6153F00162058 /* Default@2x.png in Resources */ = {isa = PBXBuildFile; fileRef = 732F1AFC16D6153F00162058 /* Default@2x.png */; };
		732F1AFF16D6153F00162058 /* Default-568h@2x.png in Resources */ = {isa = PBXBuildFile; fileRef = 732F1AFE16D6153F00162058 /* Default-568h@2x.png */; };
/* End PBXBuildFile section */

/* Begin PBXFileReference section */
		732F1AE516D6153F00162058 /* AZPodfile.app */ = {isa = PBXFileReference; explicitFileType = wrapper.application; includeInIndex = 0; path = AZPodfile.app; sourceTree = BUILT_PRODUCTS_DIR; };
		732F1AE816D6153F00162058 /* UIKit.framework */ = {isa = PBXFileReference; lastKnownFileType = wrapper.framework; name = UIKit.framework; path = System/Library/Frameworks/UIKit.framework; sourceTree = SDKROOT; };
		732F1AEA16D6153F00162058 /* Foundation.framework */ = {isa = PBXFileReference; lastKnownFileType = wrapper.framework; name = Foundation.framework; path = System/Library/Frameworks/Foundation.framework; sourceTree = SDKROOT; };
		732F1AEC16D6153F00162058 /* CoreGraphics.framework */ = {isa = PBXFileReference; lastKnownFileType = wrapper.framework; name = CoreGraphics.framework; path = System/Library/Frameworks/CoreGraphics.framework; sourceTree = SDKROOT; };
		732F1AF016D6153F00162058 /* AZPodfile-Info.plist */ = {isa = PBXFileReference; lastKnownFileType = text.plist.xml; path = "AZPodfile-Info.plist"; sourceTree = "<group>"; };
		732F1AF216D6153F00162058 /* en */ = {isa = PBXFileReference; lastKnownFileType = text.plist.strings; name = en; path = en.lproj/InfoPlist.strings; sourceTree = "<group>"; };
		732F1AF416D6153F00162058 /* main.m */ = {isa = PBXFileReference; lastKnownFileType = sourcecode.c.objc; path = main.m; sourceTree = "<group>"; };
		732F1AF616D6153F00162058 /* AZPodfile-Prefix.pch */ = {isa = PBXFileReference; lastKnownFileType = sourcecode.c.h; path = "AZPodfile-Prefix.pch"; sourceTree = "<group>"; };
		732F1AF716D6153F00162058 /* AppDelegate.h */ = {isa = PBXFileReference; lastKnownFileType = sourcecode.c.h; path = AppDelegate.h; sourceTree = "<group>"; };
		732F1AF816D6153F00162058 /* AppDelegate.m */ = {isa = PBXFileReference; lastKnownFileType = sourcecode.c.objc; path = AppDelegate.m; sourceTree = "<group>"; };
		732F1AFA16D6153F00162058 /* Default.png */ = {isa = PBXFileReference; lastKnownFileType = image.png; path = Default.png; sourceTree = "<group>"; };
		732F1AFC16D6153F00162058 /* Default@2x.png */ = {isa = PBXFileReference; lastKnownFileType = image.png; path = "Default@2x.png"; sourceTree = "<group>"; };
		732F1AFE16D6153F00162058 /* Default-568h@2x.png */ = {isa = PBXFileReference; lastKnownFileType = image.png; path = "Default-568h@2x.png"; sourceTree = "<group>"; };
/* End PBXFileReference section */

/* Begin PBXFrameworksBuildPhase section */
		732F1AE216D6153F00162058 /* Frameworks */ = {
			isa = PBXFrameworksBuildPhase;
			buildActionMask = 2147483647;
			files = (
				732F1AE916D6153F00162058 /* UIKit.framework in Frameworks */,
				732F1AEB16D6153F00162058 /* Foundation.framework in Frameworks */,
				732F1AED16D6153F00162058 /* CoreGraphics.framework in Frameworks */,
			);
			runOnlyForDeploymentPostprocessing = 0;
		};
/* End PBXFrameworksBuildPhase section */

/* Begin PBXGroup section */
		732F1ADC16D6153F00162058 = {
			isa = PBXGroup;
			children = (
				732F1AEE16D6153F00162058 /* AZPodfile */,
				732F1AE716D6153F00162058 /* Frameworks */,
				732F1AE616D6153F00162058 /* Products */,
			);
			sourceTree = "<group>";
		};
		732F1AE616D6153F00162058 /* Products */ = {
			isa = PBXGroup;
			children = (
				732F1AE516D6153F00162058 /* AZPodfile.app */,
			);
			name = Products;
			sourceTree = "<group>";
		};
		732F1AE716D6153F00162058 /* Frameworks */ = {
			isa = PBXGroup;
			children = (
				732F1AE816D6153F00162058 /* UIKit.framework */,
				732F1AEA16D6153F00162058 /* Foundation.framework */,
				732F1AEC16D6153F00162058 /* CoreGraphics.framework */,
			);
			name = Frameworks;
			sourceTree = "<group>";
		};
		732F1AEE16D6153F00162058 /* AZPodfile */ = {
			isa = PBXGroup;
			children = (
				732F1AF716D6153F00162058 /* AppDelegate.h */,
				732F1AF816D6153F00162058 /* AppDelegate.m */,
				732F1AEF16D6153F00162058 /* Supporting Files */,
			);
			path = AZPodfile;
			sourceTree = "<group>";
		};
		732F1AEF16D6153F00162058 /* Supporting Files */ = {
			isa = PBXGroup;
			children = (
				732F1AF016D6153F00162058 /* AZPodfile-Info.plist */,
				732F1AF116D6153F00162058 /* InfoPlist.strings */,
				732F1AF416D6153F00162058 /* main.m */,
				732F1AF616D6153F00162058 /* AZPodfile-Prefix.pch */,
				732F1AFA16D6153F00162058 /* Default.png */,
				732F1AFC16D6153F00162058 /* Default@2x.png */,
				732F1AFE16D6153F00162058 /* Default-568h@2x.png */,
			);
			name = "Supporting Files";
			sourceTree = "<group>";
		};
/* End PBXGroup section */

/* Begin PBXNativeTarget section */
		732F1AE416D6153F00162058 /* AZPodfile */ = {
			isa = PBXNativeTarget;
			buildConfigurationList = 732F1B0216D6153F00162058 /* Build configuration list for PBXNativeTarget "AZPodfile" */;
			buildPhases = (
				732F1AE116D6153F00162058 /* Sources */,
				732F1AE216D6153F00162058 /* Frameworks */,
				732F1AE316D6153F00162058 /* Resources */,
			);
			buildRules = (
			);
			dependencies = (
			);
			name = AZPodfile;
			productName = AZPodfile;
			productReference = 732F1AE516D6153F00162058 /* AZPodfile.app */;
			productType = "com.apple.product-type.application";
		};
/* End PBXNativeTarget section */

/* Begin PBXProject section */
		732F1ADD16D6153F00162058 /* Project object */ = {
			isa = PBXProject;
			attributes = {
				LastUpgradeCheck = 0460;
				ORGANIZATIONNAME = azu;
			};
			buildConfigurationList = 732F1AE016D6153F00162058 /* Build configuration list for PBXProject "AZPodfile" */;
			compatibilityVersion = "Xcode 3.2";
			developmentRegion = English;
			hasScannedForEncodings = 0;
			knownRegions = (
				en,
			);
			mainGroup = 732F1ADC16D6153F00162058;
			productRefGroup = 732F1AE616D6153F00162058 /* Products */;
			projectDirPath = "";
			projectRoot = "";
			targets = (
				732F1AE416D6153F00162058 /* AZPodfile */,
			);
		};
/* End PBXProject section */

/* Begin PBXResourcesBuildPhase section */
		732F1AE316D6153F00162058 /* Resources */ = {
			isa = PBXResourcesBuildPhase;
			buildActionMask = 2147483647;
			files = (
				732F1AF316D6153F00162058 /* InfoPlist.strings in Resources */,
				732F1AFB16D6153F00162058 /* Default.png in Resources */,
				732F1AFD16D6153F00162058 /* Default@2x.png in Resources */,
				732F1AFF16D6153F00162058 /* Default-568h@2x.png in Resources */,
			);
			runOnlyForDeploymentPostprocessing = 0;
		};
/* End PBXResourcesBuildPhase section */

/* Begin PBXSourcesBuildPhase section */
		732F1AE116D6153F00162058 /* Sources */ = {
			isa = PBXSourcesBuildPhase;
			buildActionMask = 2147483647;
			files = (
				732F1AF516D6153F00162058 /* main.m in Sources */,
				732F1AF916D6153F00162058 /* AppDelegate.m in Sources */,
			);
			runOnlyForDeploymentPostprocessing = 0;
		};
/* End PBXSourcesBuildPhase section */

/* Begin PBXVariantGroup section */
		732F1AF116D6153F00162058 /* InfoPlist.strings */ = {
			isa = PBXVariantGroup;
			children = (
				732F1AF216D6153F00162058 /* en */,
			);
			name = InfoPlist.strings;
			sourceTree = "<group>";
		};
/* End PBXVariantGroup section */

/* Begin XCBuildConfiguration section */
		732F1B0016D6153F00162058 /* Debug */ = {
			isa = XCBuildConfiguration;
			buildSettings = {
				ALWAYS_SEARCH_USER_PATHS = NO;
				CLANG_CXX_LANGUAGE_STANDARD = "gnu++0x";
				CLANG_CXX_LIBRARY = "libc++";
				CLANG_ENABLE_OBJC_ARC = YES;
				CLANG_WARN_CONSTANT_CONVERSION = YES;
				CLANG_WARN_EMPTY_BODY = YES;
				CLANG_WARN_ENUM_CONVERSION = YES;
				CLANG_WARN_INT_CONVERSION = YES;
				CLANG_WARN__DUPLICATE_METHOD_MATCH = YES;
				"CODE_SIGN_IDENTITY[sdk=iphoneos*]" = "iPhone Developer";
				COPY_PHASE_STRIP = NO;
				GCC_C_LANGUAGE_STANDARD = gnu99;
				GCC_DYNAMIC_NO_PIC = NO;
				GCC_OPTIMIZATION_LEVEL = 0;
				GCC_PREPROCESSOR_DEFINITIONS = (
					"DEBUG=1",
					"$(inherited)",
				);
				GCC_SYMBOLS_PRIVATE_EXTERN = NO;
				GCC_WARN_ABOUT_RETURN_TYPE = YES;
				GCC_WARN_UNINITIALIZED_AUTOS = YES;
				GCC_WARN_UNUSED_VARIABLE = YES;
				IPHONEOS_DEPLOYMENT_TARGET = 6.1;
				ONLY_ACTIVE_ARCH = YES;
				SDKROOT = iphoneos;
				TARGETED_DEVICE_FAMILY = "1,2";
			};
			name = Debug;
		};
		732F1B0116D6153F00162058 /* Release */ = {
			isa = XCBuildConfiguration;
			buildSettings = {
				ALWAYS_SEARCH_USER_PATHS = NO;
				CLANG_CXX_LANGUAGE_STANDARD = "gnu++0x";
				CLANG_CXX_LIBRARY = "libc++";
				CLANG_ENABLE_OBJC_ARC = YES;
				CLANG_WARN_CONSTANT_CONVERSION = YES;
				CLANG_WARN_EMPTY_BODY = YES;
				CLANG_WARN_ENUM_CONVERSION = YES;
				CLANG_WARN_INT_CONVERSION = YES;
				CLANG_WARN__DUPLICATE_METHOD_MATCH = YES;
				"CODE_SIGN_IDENTITY[sdk=iphoneos*]" = "iPhone Developer";
				COPY_PHASE_STRIP = YES;
				GCC_C_LANGUAGE_STANDARD = gnu99;
				GCC_WARN_ABOUT_RETURN_TYPE = YES;
				GCC_WARN_UNINITIALIZED_AUTOS = YES;
				GCC_WARN_UNUSED_VARIABLE = YES;
				IPHONEOS_DEPLOYMENT_TARGET = 6.1;
				OTHER_CFLAGS = "-DNS_BLOCK_ASSERTIONS=1";
				SDKROOT = iphoneos;
				TARGETED_DEVICE_FAMILY = "1,2";
				VALIDATE_PRODUCT = YES;
			};
			name = Release;
		};
		732F1B0316D6153F00162058 /* Debug */ = {
			isa = XCBuildConfiguration;
			buildSettings = {
				GCC_PRECOMPILE_PREFIX_HEADER = YES;
				GCC_PREFIX_HEADER = "AZPodfile/AZPodfile-Prefix.pch";
				INFOPLIST_FILE = "AZPodfile/AZPodfile-Info.plist";
				PRODUCT_NAME = "$(TARGET_NAME)";
				WRAPPER_EXTENSION = app;
			};
			name = Debug;
		};
		732F1B0416D6153F00162058 /* Release */ = {
			isa = XCBuildConfiguration;
			buildSettings = {
				GCC_PRECOMPILE_PREFIX_HEADER = YES;
				GCC_PREFIX_HEADER = "AZPodfile/AZPodfile-Prefix.pch";
				INFOPLIST_FILE = "AZPodfile/AZPodfile-Info.plist";
				PRODUCT_NAME = "$(TARGET_NAME)";
				WRAPPER_EXTENSION = app;
			};
			name = Release;
		};
/* End XCBuildConfiguration section */

/* Begin XCConfigurationList section */
		732F1AE016D6153F00162058 /* Build configuration list for PBXProject "AZPodfile" */ = {
			isa = XCConfigurationList;
			buildConfigurations = (
				732F1B0016D6153F00162058 /* Debug */,
				732F1B0116D6153F00162058 /* Release */,
			);
			defaultConfigurationIsVisible = 0;
			defaultConfigurationName = Release;
		};
		732F1B0216D6153F00162058 /* Build configuration list for PBXNativeTarget "AZPodfile" */ = {
			isa = XCConfigurationList;
			buildConfigurations = (
				732F1B0316D6153F00162058 /* Debug */,
				732F1B0416D6153F00162058 /* Release */,
			);
			defaultConfigurationIsVisible = 0;
		};
/* End XCConfigurationList section */
	};
	rootObject = 732F1ADD16D6153F00162058 /* Project object */;
}
